
Microsoft Visual Studio Solution File, Format Version 12.00
# Visual Studio Version 17
VisualStudioVersion = 17.5.002.0
MinimumVisualStudioVersion = 10.0.40219.1
Project("{9A19103F-16F7-4668-BE54-9A1E7A4F7556}") = "Presentation", "Presentation\Presentation.csproj", "{C6F85D99-D16C-4615-A26A-EABCE592702D}"
EndProject
Project("{FAE04EC0-301F-11D3-BF4B-00C04F79EFBC}") = "service", "service\service.csproj", "{EE971870-7F81-4DE8-BD7A-021B9191B4E9}"
EndProject
Project("{FAE04EC0-301F-11D3-BF4B-00C04F79EFBC}") = "Repository", "Repository\Repository.csproj", "{459252F8-9975-4CFA-94E3-D757818BE43B}"
EndProject
Global
	GlobalSection(SolutionConfigurationPlatforms) = preSolution
		Debug|Any CPU = Debug|Any CPU
		Release|Any CPU = Release|Any CPU
	EndGlobalSection
	GlobalSection(ProjectConfigurationPlatforms) = postSolution
		{C6F85D99-D16C-4615-A26A-EABCE592702D}.Debug|Any CPU.ActiveCfg = Debug|Any CPU
		{C6F85D99-D16C-4615-A26A-EABCE592702D}.Debug|Any CPU.Build.0 = Debug|Any CPU
		{C6F85D99-D16C-4615-A26A-EABCE592702D}.Release|Any CPU.ActiveCfg = Release|Any CPU
		{C6F85D99-D16C-4615-A26A-EABCE592702D}.Release|Any CPU.Build.0 = Release|Any CPU
		{EE971870-7F81-4DE8-BD7A-021B9191B4E9}.Debug|Any CPU.ActiveCfg = Debug|Any CPU
		{EE971870-7F81-4DE8-BD7A-021B9191B4E9}.Debug|Any CPU.Build.0 = Debug|Any CPU
		{EE971870-7F81-4DE8-BD7A-021B9191B4E9}.Release|Any CPU.ActiveCfg = Release|Any CPU
		{EE971870-7F81-4DE8-BD7A-021B9191B4E9}.Release|Any CPU.Build.0 = Release|Any CPU
		{459252F8-9975-4CFA-94E3-D757818BE43B}.Debug|Any CPU.ActiveCfg = Debug|Any CPU
		{459252F8-9975-4CFA-94E3-D757818BE43B}.Debug|Any CPU.Build.0 = Debug|Any CPU
		{459252F8-9975-4CFA-94E3-D757818BE43B}.Release|Any CPU.ActiveCfg = Release|Any CPU
		{459252F8-9975-4CFA-94E3-D757818BE43B}.Release|Any CPU.Build.0 = Release|Any CPU
	EndGlobalSection
	GlobalSection(SolutionProperties) = preSolution
		HideSolutionNode = FALSE
	EndGlobalSection
	GlobalSection(ExtensibilityGlobals) = postSolution
		SolutionGuid = {99CD2ED9-34C3-40AE-BF4A-371D7B1CDEA9}
	EndGlobalSection
EndGlobal
